ruleGroups:
  - id: build-lock
    translations:
      en:
        name: Build Lock
        description: Lock the character build so build options are tucked away
        keywords:
          - lock
          - build
          - done
          - finish
          - freeze
          - ready
      en-x-tlh:
        name: qach ngaQ
        description: qachlIj yIngaQmoH 'ej chenmoHwI' Doch So'
        keywords:
          - ngaQ
          - qach
          - rIn
          - taH
          - ready
